
Microsoft Visual Studio Solution File, Format Version 12.00
# Visual Studio Version 17
VisualStudioVersion = 17.13.35919.96 d17.13
MinimumVisualStudioVersion = 10.0.40219.1
Project("{FAE04EC0-301F-11D3-BF4B-00C04F79EFBC}") = "MoonPhaseApp", "MoonPhaseApp\MoonPhaseApp.csproj", "{A1774423-B5BD-4FA2-A2F4-03FABED20FD5}"
EndProject
Global
	GlobalSection(SolutionConfigurationPlatforms) = preSolution
		Debug|Any CPU = Debug|Any CPU
		Release|Any CPU = Release|Any CPU
	EndGlobalSection
	GlobalSection(ProjectConfigurationPlatforms) = postSolution
		{A1774423-B5BD-4FA2-A2F4-03FABED20FD5}.Debug|Any CPU.ActiveCfg = Debug|Any CPU
		{A1774423-B5BD-4FA2-A2F4-03FABED20FD5}.Debug|Any CPU.Build.0 = Debug|Any CPU
		{A1774423-B5BD-4FA2-A2F4-03FABED20FD5}.Debug|Any CPU.Deploy.0 = Debug|Any CPU
		{A1774423-B5BD-4FA2-A2F4-03FABED20FD5}.Release|Any CPU.ActiveCfg = Release|Any CPU
		{A1774423-B5BD-4FA2-A2F4-03FABED20FD5}.Release|Any CPU.Build.0 = Release|Any CPU
		{A1774423-B5BD-4FA2-A2F4-03FABED20FD5}.Release|Any CPU.Deploy.0 = Release|Any CPU
	EndGlobalSection
	GlobalSection(SolutionProperties) = preSolution
		HideSolutionNode = FALSE
	EndGlobalSection
	GlobalSection(ExtensibilityGlobals) = postSolution
		SolutionGuid = {58C82E7B-2BF0-400A-9D76-D49BD0EFB347}
	EndGlobalSection
EndGlobal
